
Microsoft Visual Studio Solution File, Format Version 12.00
# Visual Studio Version 17
VisualStudioVersion = 17.0.31903.59
MinimumVisualStudioVersion = 10.0.40219.1
Project("{FAE04EC0-301F-11D3-BF4B-00C04F79EFBC}") = "Soul.PDFsharp.Extensions", "Soul.PDFsharp.Extensions\Soul.PDFsharp.Extensions.csproj", "{ED19F53C-37EE-45D6-AB82-C5F16FCFD169}"
EndProject
Project("{FAE04EC0-301F-11D3-BF4B-00C04F79EFBC}") = "Soul.PDFsharp.Extensions.Test", "Soul.PDFsharp.Extensions.Test\Soul.PDFsharp.Extensions.Test.csproj", "{165ECE4E-E3EC-4444-9E74-0E6729EEF556}"
EndProject
Global
	GlobalSection(SolutionConfigurationPlatforms) = preSolution
		Debug|Any CPU = Debug|Any CPU
		Release|Any CPU = Release|Any CPU
	EndGlobalSection
	GlobalSection(ProjectConfigurationPlatforms) = postSolution
		{ED19F53C-37EE-45D6-AB82-C5F16FCFD169}.Debug|Any CPU.ActiveCfg = Debug|Any CPU
		{ED19F53C-37EE-45D6-AB82-C5F16FCFD169}.Debug|Any CPU.Build.0 = Debug|Any CPU
		{ED19F53C-37EE-45D6-AB82-C5F16FCFD169}.Release|Any CPU.ActiveCfg = Release|Any CPU
		{ED19F53C-37EE-45D6-AB82-C5F16FCFD169}.Release|Any CPU.Build.0 = Release|Any CPU
		{165ECE4E-E3EC-4444-9E74-0E6729EEF556}.Debug|Any CPU.ActiveCfg = Debug|Any CPU
		{165ECE4E-E3EC-4444-9E74-0E6729EEF556}.Debug|Any CPU.Build.0 = Debug|Any CPU
		{165ECE4E-E3EC-4444-9E74-0E6729EEF556}.Release|Any CPU.ActiveCfg = Release|Any CPU
		{165ECE4E-E3EC-4444-9E74-0E6729EEF556}.Release|Any CPU.Build.0 = Release|Any CPU
	EndGlobalSection
	GlobalSection(SolutionProperties) = preSolution
		HideSolutionNode = FALSE
	EndGlobalSection
	GlobalSection(ExtensibilityGlobals) = postSolution
		SolutionGuid = {7AE9625E-FDF0-41BC-83DD-278E6A95DD3A}
	EndGlobalSection
EndGlobal
